PODS:
  - Alamofire (5.4.4)
  - Nimble (8.0.4)
  - QueryKit (0.14.1)
  - Realm (10.22.0):
    - Realm/Headers (= 10.22.0)
  - Realm/Headers (10.22.0)
  - RealmSwift (10.22.0):
    - Realm (= 10.22.0)
  - RxAlamofire (6.1.1):
    - RxAlamofire/Core (= 6.1.1)
  - RxAlamofire/Core (6.1.1):
    - Alamofire (~> 5.4)
    - RxSwift (~> 6.0)
  - RxBlocking (6.2.0):
    - RxSwift (= 6.2.0)
  - RxCocoa (6.2.0):
    - RxRelay (= 6.2.0)
    - RxSwift (= 6.2.0)
  - RxRealm (5.0.4):
    - Realm (~> 10.21)
    - RealmSwift (~> 10.21)
    - RxCocoa (~> 6.1)
    - RxSwift (~> 6.1)
  - RxRelay (6.2.0):
    - RxSwift (= 6.2.0)
  - RxSwift (6.2.0)
  - RxTest (6.2.0):
    - RxSwift (= 6.2.0)

DEPENDENCIES:
  - Alamofire (~> 5.4.4)
  - Nimble
  - QueryKit (~> 0.14.1)
  - Realm (~> 10.22.0)
  - RealmSwift (~> 10.22.0)
  - RxAlamofire (~> 6.1.0)
  - RxBlocking (~> 6.2.0)
  - RxCocoa (~> 6.2.0)
  - RxRealm (~> 5.0.4)
  - RxSwift (~> 6.2.0)
  - RxTest (~> 6.2.0)

SPEC REPOS:
  trunk:
    - Alamofire
    - Nimble
    - QueryKit
    - Realm
    - RealmSwift
    - RxAlamofire
    - RxBlocking
    - RxCocoa
    - RxRealm
    - RxRelay
    - RxSwift
    - RxTest

SPEC CHECKSUMS:
  Alamofire: f3b09a368f1582ab751b3fff5460276e0d2cf5c9
  Nimble: 18d5360282923225d62b09d781f63abc1a0111fc
  QueryKit: 60dae8ff75d5805f9c703c68c0ef4294c9dd7de6
  Realm: d9e4e5877095a6722145811f56fe89a531c9659d
  RealmSwift: e4191b4b957fcfcbed23751ec65eec98f8173ab5
  RxAlamofire: beb75a1c452d0de225651db4903f5d29d034a620
  RxBlocking: 0b29f7d2079109a8de49c411381bed7c33ef1eeb
  RxCocoa: 4baf94bb35f2c0ab31bc0cb9f1900155f646ba42
  RxRealm: 666c8785327fe2fff972a3093b35dc7055c1ca38
  RxRelay: e72dbfd157807478401ef1982e1c61c945c94b2f
  RxSwift: d356ab7bee873611322f134c5f9ef379fa183d8f
  RxTest: 0c692fa672b694373ba86d2b00033595297a2831

PODFILE CHECKSUM: 280bceaa4577ef57040fcef63c04b4a5c602f5f3

COCOAPODS: 1.11.2
